
Microsoft Visual Studio Solution File, Format Version 11.00
# Visual Studio 2010
Project("{FAE04EC0-301F-11D3-BF4B-00C04F79EFBC}") = "Assembly-CSharp", "Assembly-CSharp.csproj", "{ADAFEBE2-BD11-3FDE-BEE2-F1500592E937}"
EndProject
Project("{FAE04EC0-301F-11D3-BF4B-00C04F79EFBC}") = "Assembly-CSharp-Editor", "Assembly-CSharp-Editor.csproj", "{568CB401-36D2-4F0B-5249-32B53FBDE6C7}"
EndProject
Global
	GlobalSection(SolutionConfigurationPlatforms) = preSolution
		Debug|Any CPU = Debug|Any CPU
		Release|Any CPU = Release|Any CPU
	EndGlobalSection
	GlobalSection(ProjectConfigurationPlatforms) = postSolution
		{ADAFEBE2-BD11-3FDE-BEE2-F1500592E937}.Debug|Any CPU.ActiveCfg = Debug|Any CPU
		{ADAFEBE2-BD11-3FDE-BEE2-F1500592E937}.Debug|Any CPU.Build.0 = Debug|Any CPU
		{ADAFEBE2-BD11-3FDE-BEE2-F1500592E937}.Release|Any CPU.ActiveCfg = Release|Any CPU
		{ADAFEBE2-BD11-3FDE-BEE2-F1500592E937}.Release|Any CPU.Build.0 = Release|Any CPU
		{568CB401-36D2-4F0B-5249-32B53FBDE6C7}.Debug|Any CPU.ActiveCfg = Debug|Any CPU
		{568CB401-36D2-4F0B-5249-32B53FBDE6C7}.Debug|Any CPU.Build.0 = Debug|Any CPU
		{568CB401-36D2-4F0B-5249-32B53FBDE6C7}.Release|Any CPU.ActiveCfg = Release|Any CPU
		{568CB401-36D2-4F0B-5249-32B53FBDE6C7}.Release|Any CPU.Build.0 = Release|Any CPU
	EndGlobalSection
	GlobalSection(SolutionProperties) = preSolution
		HideSolutionNode = FALSE
	EndGlobalSection
	GlobalSection(MonoDevelopProperties) = preSolution
		StartupItem = Assembly-CSharp.csproj
	EndGlobalSection
EndGlobal
